
Microsoft Visual Studio Solution File, Format Version 12.00
# Visual Studio Version 16
VisualStudioVersion = 16.0.31229.75
MinimumVisualStudioVersion = 10.0.40219.1
Project("{9A19103F-16F7-4668-BE54-9A1E7A4F7556}") = "Peachpie.Blazor", "src\Peachpie.Blazor\Peachpie.Blazor.csproj", "{FFC83202-BA46-4898-8D8C-037C0F82CE5A}"
EndProject
Project("{9A19103F-16F7-4668-BE54-9A1E7A4F7556}") = "Peachpie.Blazor.Sdk", "src\Peachpie.Blazor.Sdk\Peachpie.Blazor.Sdk.csproj", "{8F5862E4-6806-4E5E-A413-0983B6603132}"
EndProject
Project("{2150E333-8FDC-42A3-9474-1A3956D46DE8}") = "Examples", "Examples", "{57108A14-7C73-4D0E-B59E-65492FE835D5}"
EndProject
Project("{2150E333-8FDC-42A3-9474-1A3956D46DE8}") = "Tests", "Tests", "{2C3D629C-0206-4EE4-9D92-D17F5D9D9569}"
EndProject
Project("{2150E333-8FDC-42A3-9474-1A3956D46DE8}") = "Benchmarks", "Benchmarks", "{91F04004-5D7A-4091-B50A-0673E99BA416}"
EndProject
Project("{2150E333-8FDC-42A3-9474-1A3956D46DE8}") = "Web", "Web", "{871AE73F-2BF7-457C-83EB-CF16A2452FE4}"
EndProject
Project("{9A19103F-16F7-4668-BE54-9A1E7A4F7556}") = "BlazorApp.Client", "src\Tests\Examples\Web\BlazorApp\Client\BlazorApp.Client.csproj", "{D0F65A3F-4B32-47A5-ADC2-CB63C503808B}"
EndProject
Project("{9A19103F-16F7-4668-BE54-9A1E7A4F7556}") = "BlazorApp.Server", "src\Tests\Examples\Web\BlazorApp\Server\BlazorApp.Server.csproj", "{B7DC5460-918F-46F4-9E9C-3DBB84F08286}"
EndProject
Project("{13B669BE-BB05-4DDF-9536-439F39A36129}") = "PHPScripts", "src\Tests\Examples\Web\PHPScripts\PHPScripts.msbuildproj", "{332D0B0C-D184-4E17-9420-8C060F3F087E}"
EndProject
Project("{2150E333-8FDC-42A3-9474-1A3956D46DE8}") = "OneScript", "OneScript", "{ED4CEA02-297E-4124-973C-303CA0909F67}"
EndProject
Project("{9A19103F-16F7-4668-BE54-9A1E7A4F7556}") = "BlazorApp.Client", "src\Tests\Examples\OneScript\BlazorApp\Client\BlazorApp.Client.csproj", "{E44C979D-B83D-4281-8373-A96CC18C3BCB}"
EndProject
Project("{9A19103F-16F7-4668-BE54-9A1E7A4F7556}") = "BlazorApp.Server", "src\Tests\Examples\OneScript\BlazorApp\Server\BlazorApp.Server.csproj", "{AC27A66F-2F26-43EA-8E35-48D72A6F6B7E}"
EndProject
Project("{13B669BE-BB05-4DDF-9536-439F39A36129}") = "PHPScripts", "src\Tests\Examples\OneScript\PHPScripts\PHPScripts.msbuildproj", "{1F2CD595-6C8E-4493-8817-E691DB76CB38}"
EndProject
Project("{2150E333-8FDC-42A3-9474-1A3956D46DE8}") = "AllTogether", "AllTogether", "{A88D1904-91A1-48C0-BACE-9392662F9624}"
EndProject
Project("{9A19103F-16F7-4668-BE54-9A1E7A4F7556}") = "BlazorApp.Client", "src\Tests\Examples\AllTogether\BlazorApp\Client\BlazorApp.Client.csproj", "{AEEF50AF-B831-4E69-A873-DAEBF7978C6A}"
EndProject
Project("{9A19103F-16F7-4668-BE54-9A1E7A4F7556}") = "BlazorApp.Server", "src\Tests\Examples\AllTogether\BlazorApp\Server\BlazorApp.Server.csproj", "{86848DD0-5E91-45A6-AAE8-5CBF7F9E1393}"
EndProject
Project("{9A19103F-16F7-4668-BE54-9A1E7A4F7556}") = "BlazorApp.Shared", "src\Tests\Examples\AllTogether\BlazorApp\Shared\BlazorApp.Shared.csproj", "{129F0B11-3F3D-4316-994B-8685731EE3ED}"
EndProject
Project("{13B669BE-BB05-4DDF-9536-439F39A36129}") = "PHPScripts", "src\Tests\Examples\AllTogether\PHPScripts\PHPScripts.msbuildproj", "{96F7F48C-8E56-4D84-9638-5BD0B282279D}"
EndProject
Project("{2150E333-8FDC-42A3-9474-1A3956D46DE8}") = "WebGame", "WebGame", "{BA739EF9-0616-41B7-BA16-A3E65241EAFE}"
EndProject
Project("{9A19103F-16F7-4668-BE54-9A1E7A4F7556}") = "BlazorApp.Client", "src\Tests\Examples\WebGame\BlazorApp\Client\BlazorApp.Client.csproj", "{99BE0FD2-8F12-4A75-B279-5BD7073A60F3}"
EndProject
Project("{9A19103F-16F7-4668-BE54-9A1E7A4F7556}") = "BlazorApp.Server", "src\Tests\Examples\WebGame\BlazorApp\Server\BlazorApp.Server.csproj", "{A1F8E4DC-365A-42E1-864D-ED5C9B425FD5}"
EndProject
Project("{13B669BE-BB05-4DDF-9536-439F39A36129}") = "PHPScripts", "src\Tests\Examples\WebGame\PHPScripts\PHPScripts.msbuildproj", "{85B1FE64-B9F6-44FB-AA51-55185D1FB71D}"
EndProject
Project("{2150E333-8FDC-42A3-9474-1A3956D46DE8}") = "Libraries", "Libraries", "{EFE3164A-DC1C-4895-9DE0-AE09C89B9662}"
EndProject
Project("{2150E333-8FDC-42A3-9474-1A3956D46DE8}") = "Rendering", "Rendering", "{276F6016-0E55-4EDA-933E-05A767C93AE4}"
EndProject
Project("{9A19103F-16F7-4668-BE54-9A1E7A4F7556}") = "BlazorApp.Client", "src\Tests\Benchmarks\Libraries\BlazorApp\Client\BlazorApp.Client.csproj", "{D69114FB-BE5E-44C8-AC0A-4E30F5008280}"
EndProject
Project("{9A19103F-16F7-4668-BE54-9A1E7A4F7556}") = "BlazorApp.Server", "src\Tests\Benchmarks\Libraries\BlazorApp\Server\BlazorApp.Server.csproj", "{90CA3CA1-AA85-4744-88DE-36D584A3ACE9}"
EndProject
Project("{9A19103F-16F7-4668-BE54-9A1E7A4F7556}") = "BlazorApp.Shared", "src\Tests\Benchmarks\Libraries\BlazorApp\Shared\BlazorApp.Shared.csproj", "{CC814129-EFDB-4AAF-A878-D2D8A4199A52}"
EndProject
Project("{9A19103F-16F7-4668-BE54-9A1E7A4F7556}") = "Desktop", "src\Tests\Benchmarks\Libraries\Desktop\Desktop.csproj", "{E070EEF4-4F47-44EA-8517-AE98888608EB}"
EndProject
Project("{13B669BE-BB05-4DDF-9536-439F39A36129}") = "PHPScripts", "src\Tests\Benchmarks\Libraries\PHPScripts\PHPScripts.msbuildproj", "{A4D252D7-B77F-4C90-B4A4-FE847C1B7826}"
EndProject
Project("{9A19103F-16F7-4668-BE54-9A1E7A4F7556}") = "BlazorApp.Client", "src\Tests\Benchmarks\Rendering\BlazorApp\Client\BlazorApp.Client.csproj", "{27C3EFF8-70DF-44CC-8CD3-78D3F5D2F242}"
EndProject
Project("{13B669BE-BB05-4DDF-9536-439F39A36129}") = "PHPScripts", "src\Tests\Benchmarks\Rendering\PHPScripts\PHPScripts.msbuildproj", "{C30D345F-0A55-4DC3-B92C-9EBA94D70972}"
EndProject
Project("{9A19103F-16F7-4668-BE54-9A1E7A4F7556}") = "BlazorApp.Server", "src\Tests\Benchmarks\Rendering\BlazorApp\Server\BlazorApp.Server.csproj", "{B94A0191-154B-4C12-B7D8-B07E41FF2B2E}"
EndProject
Project("{7CF6DF6D-3B04-46F8-A40B-537D21BCA0B4}") = "Blazor.Peachpie.Docs", "src\SandCastleDocumentation\Blazor.Peachpie.Docs.shfbproj", "{3D12F924-DDE2-4732-86BF-FB1F7298F099}"
EndProject
Global
	GlobalSection(SolutionConfigurationPlatforms) = preSolution
		Debug|Any CPU = Debug|Any CPU
		Release|Any CPU = Release|Any CPU
	EndGlobalSection
	GlobalSection(ProjectConfigurationPlatforms) = postSolution
		{FFC83202-BA46-4898-8D8C-037C0F82CE5A}.Debug|Any CPU.ActiveCfg = Debug|Any CPU
		{FFC83202-BA46-4898-8D8C-037C0F82CE5A}.Debug|Any CPU.Build.0 = Debug|Any CPU
		{FFC83202-BA46-4898-8D8C-037C0F82CE5A}.Release|Any CPU.ActiveCfg = Release|Any CPU
		{FFC83202-BA46-4898-8D8C-037C0F82CE5A}.Release|Any CPU.Build.0 = Release|Any CPU
		{8F5862E4-6806-4E5E-A413-0983B6603132}.Debug|Any CPU.ActiveCfg = Debug|Any CPU
		{8F5862E4-6806-4E5E-A413-0983B6603132}.Debug|Any CPU.Build.0 = Debug|Any CPU
		{8F5862E4-6806-4E5E-A413-0983B6603132}.Release|Any CPU.ActiveCfg = Release|Any CPU
		{8F5862E4-6806-4E5E-A413-0983B6603132}.Release|Any CPU.Build.0 = Release|Any CPU
		{D0F65A3F-4B32-47A5-ADC2-CB63C503808B}.Debug|Any CPU.ActiveCfg = Debug|Any CPU
		{D0F65A3F-4B32-47A5-ADC2-CB63C503808B}.Debug|Any CPU.Build.0 = Debug|Any CPU
		{D0F65A3F-4B32-47A5-ADC2-CB63C503808B}.Release|Any CPU.ActiveCfg = Release|Any CPU
		{D0F65A3F-4B32-47A5-ADC2-CB63C503808B}.Release|Any CPU.Build.0 = Release|Any CPU
		{B7DC5460-918F-46F4-9E9C-3DBB84F08286}.Debug|Any CPU.ActiveCfg = Debug|Any CPU
		{B7DC5460-918F-46F4-9E9C-3DBB84F08286}.Debug|Any CPU.Build.0 = Debug|Any CPU
		{B7DC5460-918F-46F4-9E9C-3DBB84F08286}.Release|Any CPU.ActiveCfg = Release|Any CPU
		{B7DC5460-918F-46F4-9E9C-3DBB84F08286}.Release|Any CPU.Build.0 = Release|Any CPU
		{332D0B0C-D184-4E17-9420-8C060F3F087E}.Debug|Any CPU.ActiveCfg = Debug|Any CPU
		{332D0B0C-D184-4E17-9420-8C060F3F087E}.Debug|Any CPU.Build.0 = Debug|Any CPU
		{332D0B0C-D184-4E17-9420-8C060F3F087E}.Release|Any CPU.ActiveCfg = Release|Any CPU
		{332D0B0C-D184-4E17-9420-8C060F3F087E}.Release|Any CPU.Build.0 = Release|Any CPU
		{E44C979D-B83D-4281-8373-A96CC18C3BCB}.Debug|Any CPU.ActiveCfg = Debug|Any CPU
		{E44C979D-B83D-4281-8373-A96CC18C3BCB}.Debug|Any CPU.Build.0 = Debug|Any CPU
		{E44C979D-B83D-4281-8373-A96CC18C3BCB}.Release|Any CPU.ActiveCfg = Release|Any CPU
		{E44C979D-B83D-4281-8373-A96CC18C3BCB}.Release|Any CPU.Build.0 = Release|Any CPU
		{AC27A66F-2F26-43EA-8E35-48D72A6F6B7E}.Debug|Any CPU.ActiveCfg = Debug|Any CPU
		{AC27A66F-2F26-43EA-8E35-48D72A6F6B7E}.Debug|Any CPU.Build.0 = Debug|Any CPU
		{AC27A66F-2F26-43EA-8E35-48D72A6F6B7E}.Release|Any CPU.ActiveCfg = Release|Any CPU
		{AC27A66F-2F26-43EA-8E35-48D72A6F6B7E}.Release|Any CPU.Build.0 = Release|Any CPU
		{1F2CD595-6C8E-4493-8817-E691DB76CB38}.Debug|Any CPU.ActiveCfg = Debug|Any CPU
		{1F2CD595-6C8E-4493-8817-E691DB76CB38}.Debug|Any CPU.Build.0 = Debug|Any CPU
		{1F2CD595-6C8E-4493-8817-E691DB76CB38}.Release|Any CPU.ActiveCfg = Release|Any CPU
		{1F2CD595-6C8E-4493-8817-E691DB76CB38}.Release|Any CPU.Build.0 = Release|Any CPU
		{AEEF50AF-B831-4E69-A873-DAEBF7978C6A}.Debug|Any CPU.ActiveCfg = Debug|Any CPU
		{AEEF50AF-B831-4E69-A873-DAEBF7978C6A}.Debug|Any CPU.Build.0 = Debug|Any CPU
		{AEEF50AF-B831-4E69-A873-DAEBF7978C6A}.Release|Any CPU.ActiveCfg = Release|Any CPU
		{AEEF50AF-B831-4E69-A873-DAEBF7978C6A}.Release|Any CPU.Build.0 = Release|Any CPU
		{86848DD0-5E91-45A6-AAE8-5CBF7F9E1393}.Debug|Any CPU.ActiveCfg = Debug|Any CPU
		{86848DD0-5E91-45A6-AAE8-5CBF7F9E1393}.Debug|Any CPU.Build.0 = Debug|Any CPU
		{86848DD0-5E91-45A6-AAE8-5CBF7F9E1393}.Release|Any CPU.ActiveCfg = Release|Any CPU
		{86848DD0-5E91-45A6-AAE8-5CBF7F9E1393}.Release|Any CPU.Build.0 = Release|Any CPU
		{129F0B11-3F3D-4316-994B-8685731EE3ED}.Debug|Any CPU.ActiveCfg = Debug|Any CPU
		{129F0B11-3F3D-4316-994B-8685731EE3ED}.Debug|Any CPU.Build.0 = Debug|Any CPU
		{129F0B11-3F3D-4316-994B-8685731EE3ED}.Release|Any CPU.ActiveCfg = Release|Any CPU
		{129F0B11-3F3D-4316-994B-8685731EE3ED}.Release|Any CPU.Build.0 = Release|Any CPU
		{96F7F48C-8E56-4D84-9638-5BD0B282279D}.Debug|Any CPU.ActiveCfg = Debug|Any CPU
		{96F7F48C-8E56-4D84-9638-5BD0B282279D}.Debug|Any CPU.Build.0 = Debug|Any CPU
		{96F7F48C-8E56-4D84-9638-5BD0B282279D}.Release|Any CPU.ActiveCfg = Release|Any CPU
		{96F7F48C-8E56-4D84-9638-5BD0B282279D}.Release|Any CPU.Build.0 = Release|Any CPU
		{99BE0FD2-8F12-4A75-B279-5BD7073A60F3}.Debug|Any CPU.ActiveCfg = Debug|Any CPU
		{99BE0FD2-8F12-4A75-B279-5BD7073A60F3}.Debug|Any CPU.Build.0 = Debug|Any CPU
		{99BE0FD2-8F12-4A75-B279-5BD7073A60F3}.Release|Any CPU.ActiveCfg = Release|Any CPU
		{99BE0FD2-8F12-4A75-B279-5BD7073A60F3}.Release|Any CPU.Build.0 = Release|Any CPU
		{A1F8E4DC-365A-42E1-864D-ED5C9B425FD5}.Debug|Any CPU.ActiveCfg = Debug|Any CPU
		{A1F8E4DC-365A-42E1-864D-ED5C9B425FD5}.Debug|Any CPU.Build.0 = Debug|Any CPU
		{A1F8E4DC-365A-42E1-864D-ED5C9B425FD5}.Release|Any CPU.ActiveCfg = Release|Any CPU
		{A1F8E4DC-365A-42E1-864D-ED5C9B425FD5}.Release|Any CPU.Build.0 = Release|Any CPU
		{85B1FE64-B9F6-44FB-AA51-55185D1FB71D}.Debug|Any CPU.ActiveCfg = Debug|Any CPU
		{85B1FE64-B9F6-44FB-AA51-55185D1FB71D}.Debug|Any CPU.Build.0 = Debug|Any CPU
		{85B1FE64-B9F6-44FB-AA51-55185D1FB71D}.Release|Any CPU.ActiveCfg = Release|Any CPU
		{85B1FE64-B9F6-44FB-AA51-55185D1FB71D}.Release|Any CPU.Build.0 = Release|Any CPU
		{D69114FB-BE5E-44C8-AC0A-4E30F5008280}.Debug|Any CPU.ActiveCfg = Debug|Any CPU
		{D69114FB-BE5E-44C8-AC0A-4E30F5008280}.Debug|Any CPU.Build.0 = Debug|Any CPU
		{D69114FB-BE5E-44C8-AC0A-4E30F5008280}.Release|Any CPU.ActiveCfg = Release|Any CPU
		{D69114FB-BE5E-44C8-AC0A-4E30F5008280}.Release|Any CPU.Build.0 = Release|Any CPU
		{90CA3CA1-AA85-4744-88DE-36D584A3ACE9}.Debug|Any CPU.ActiveCfg = Debug|Any CPU
		{90CA3CA1-AA85-4744-88DE-36D584A3ACE9}.Debug|Any CPU.Build.0 = Debug|Any CPU
		{90CA3CA1-AA85-4744-88DE-36D584A3ACE9}.Release|Any CPU.ActiveCfg = Release|Any CPU
		{90CA3CA1-AA85-4744-88DE-36D584A3ACE9}.Release|Any CPU.Build.0 = Release|Any CPU
		{CC814129-EFDB-4AAF-A878-D2D8A4199A52}.Debug|Any CPU.ActiveCfg = Debug|Any CPU
		{CC814129-EFDB-4AAF-A878-D2D8A4199A52}.Debug|Any CPU.Build.0 = Debug|Any CPU
		{CC814129-EFDB-4AAF-A878-D2D8A4199A52}.Release|Any CPU.ActiveCfg = Release|Any CPU
		{CC814129-EFDB-4AAF-A878-D2D8A4199A52}.Release|Any CPU.Build.0 = Release|Any CPU
		{E070EEF4-4F47-44EA-8517-AE98888608EB}.Debug|Any CPU.ActiveCfg = Debug|Any CPU
		{E070EEF4-4F47-44EA-8517-AE98888608EB}.Debug|Any CPU.Build.0 = Debug|Any CPU
		{E070EEF4-4F47-44EA-8517-AE98888608EB}.Release|Any CPU.ActiveCfg = Release|Any CPU
		{E070EEF4-4F47-44EA-8517-AE98888608EB}.Release|Any CPU.Build.0 = Release|Any CPU
		{A4D252D7-B77F-4C90-B4A4-FE847C1B7826}.Debug|Any CPU.ActiveCfg = Debug|Any CPU
		{A4D252D7-B77F-4C90-B4A4-FE847C1B7826}.Debug|Any CPU.Build.0 = Debug|Any CPU
		{A4D252D7-B77F-4C90-B4A4-FE847C1B7826}.Release|Any CPU.ActiveCfg = Release|Any CPU
		{A4D252D7-B77F-4C90-B4A4-FE847C1B7826}.Release|Any CPU.Build.0 = Release|Any CPU
		{27C3EFF8-70DF-44CC-8CD3-78D3F5D2F242}.Debug|Any CPU.ActiveCfg = Debug|Any CPU
		{27C3EFF8-70DF-44CC-8CD3-78D3F5D2F242}.Debug|Any CPU.Build.0 = Debug|Any CPU
		{27C3EFF8-70DF-44CC-8CD3-78D3F5D2F242}.Release|Any CPU.ActiveCfg = Release|Any CPU
		{27C3EFF8-70DF-44CC-8CD3-78D3F5D2F242}.Release|Any CPU.Build.0 = Release|Any CPU
		{C30D345F-0A55-4DC3-B92C-9EBA94D70972}.Debug|Any CPU.ActiveCfg = Debug|Any CPU
		{C30D345F-0A55-4DC3-B92C-9EBA94D70972}.Debug|Any CPU.Build.0 = Debug|Any CPU
		{C30D345F-0A55-4DC3-B92C-9EBA94D70972}.Release|Any CPU.ActiveCfg = Release|Any CPU
		{C30D345F-0A55-4DC3-B92C-9EBA94D70972}.Release|Any CPU.Build.0 = Release|Any CPU
		{B94A0191-154B-4C12-B7D8-B07E41FF2B2E}.Debug|Any CPU.ActiveCfg = Debug|Any CPU
		{B94A0191-154B-4C12-B7D8-B07E41FF2B2E}.Debug|Any CPU.Build.0 = Debug|Any CPU
		{B94A0191-154B-4C12-B7D8-B07E41FF2B2E}.Release|Any CPU.ActiveCfg = Release|Any CPU
		{B94A0191-154B-4C12-B7D8-B07E41FF2B2E}.Release|Any CPU.Build.0 = Release|Any CPU
		{3D12F924-DDE2-4732-86BF-FB1F7298F099}.Debug|Any CPU.ActiveCfg = Debug|Any CPU
		{3D12F924-DDE2-4732-86BF-FB1F7298F099}.Debug|Any CPU.Build.0 = Debug|Any CPU
		{3D12F924-DDE2-4732-86BF-FB1F7298F099}.Release|Any CPU.ActiveCfg = Release|Any CPU
		{3D12F924-DDE2-4732-86BF-FB1F7298F099}.Release|Any CPU.Build.0 = Release|Any CPU
	EndGlobalSection
	GlobalSection(SolutionProperties) = preSolution
		HideSolutionNode = FALSE
	EndGlobalSection
	GlobalSection(NestedProjects) = preSolution
		{57108A14-7C73-4D0E-B59E-65492FE835D5} = {2C3D629C-0206-4EE4-9D92-D17F5D9D9569}
		{91F04004-5D7A-4091-B50A-0673E99BA416} = {2C3D629C-0206-4EE4-9D92-D17F5D9D9569}
		{871AE73F-2BF7-457C-83EB-CF16A2452FE4} = {57108A14-7C73-4D0E-B59E-65492FE835D5}
		{D0F65A3F-4B32-47A5-ADC2-CB63C503808B} = {871AE73F-2BF7-457C-83EB-CF16A2452FE4}
		{B7DC5460-918F-46F4-9E9C-3DBB84F08286} = {871AE73F-2BF7-457C-83EB-CF16A2452FE4}
		{332D0B0C-D184-4E17-9420-8C060F3F087E} = {871AE73F-2BF7-457C-83EB-CF16A2452FE4}
		{ED4CEA02-297E-4124-973C-303CA0909F67} = {57108A14-7C73-4D0E-B59E-65492FE835D5}
		{E44C979D-B83D-4281-8373-A96CC18C3BCB} = {ED4CEA02-297E-4124-973C-303CA0909F67}
		{AC27A66F-2F26-43EA-8E35-48D72A6F6B7E} = {ED4CEA02-297E-4124-973C-303CA0909F67}
		{1F2CD595-6C8E-4493-8817-E691DB76CB38} = {ED4CEA02-297E-4124-973C-303CA0909F67}
		{A88D1904-91A1-48C0-BACE-9392662F9624} = {57108A14-7C73-4D0E-B59E-65492FE835D5}
		{AEEF50AF-B831-4E69-A873-DAEBF7978C6A} = {A88D1904-91A1-48C0-BACE-9392662F9624}
		{86848DD0-5E91-45A6-AAE8-5CBF7F9E1393} = {A88D1904-91A1-48C0-BACE-9392662F9624}
		{129F0B11-3F3D-4316-994B-8685731EE3ED} = {A88D1904-91A1-48C0-BACE-9392662F9624}
		{96F7F48C-8E56-4D84-9638-5BD0B282279D} = {A88D1904-91A1-48C0-BACE-9392662F9624}
		{BA739EF9-0616-41B7-BA16-A3E65241EAFE} = {57108A14-7C73-4D0E-B59E-65492FE835D5}
		{99BE0FD2-8F12-4A75-B279-5BD7073A60F3} = {BA739EF9-0616-41B7-BA16-A3E65241EAFE}
		{A1F8E4DC-365A-42E1-864D-ED5C9B425FD5} = {BA739EF9-0616-41B7-BA16-A3E65241EAFE}
		{85B1FE64-B9F6-44FB-AA51-55185D1FB71D} = {BA739EF9-0616-41B7-BA16-A3E65241EAFE}
		{EFE3164A-DC1C-4895-9DE0-AE09C89B9662} = {91F04004-5D7A-4091-B50A-0673E99BA416}
		{276F6016-0E55-4EDA-933E-05A767C93AE4} = {91F04004-5D7A-4091-B50A-0673E99BA416}
		{D69114FB-BE5E-44C8-AC0A-4E30F5008280} = {EFE3164A-DC1C-4895-9DE0-AE09C89B9662}
		{90CA3CA1-AA85-4744-88DE-36D584A3ACE9} = {EFE3164A-DC1C-4895-9DE0-AE09C89B9662}
		{CC814129-EFDB-4AAF-A878-D2D8A4199A52} = {EFE3164A-DC1C-4895-9DE0-AE09C89B9662}
		{E070EEF4-4F47-44EA-8517-AE98888608EB} = {EFE3164A-DC1C-4895-9DE0-AE09C89B9662}
		{A4D252D7-B77F-4C90-B4A4-FE847C1B7826} = {EFE3164A-DC1C-4895-9DE0-AE09C89B9662}
		{27C3EFF8-70DF-44CC-8CD3-78D3F5D2F242} = {276F6016-0E55-4EDA-933E-05A767C93AE4}
		{C30D345F-0A55-4DC3-B92C-9EBA94D70972} = {276F6016-0E55-4EDA-933E-05A767C93AE4}
		{B94A0191-154B-4C12-B7D8-B07E41FF2B2E} = {276F6016-0E55-4EDA-933E-05A767C93AE4}
	EndGlobalSection
	GlobalSection(ExtensibilityGlobals) = postSolution
		SolutionGuid = {0654DC26-FF69-431D-8BF7-1E25E3A3D155}
	EndGlobalSection
EndGlobal
